
Microsoft Visual Studio Solution File, Format Version 12.00
# Visual Studio Version 16
VisualStudioVersion = 16.0.30309.148
MinimumVisualStudioVersion = 10.0.40219.1
Project("{9A19103F-16F7-4668-BE54-9A1E7A4F7556}") = "ORMModel", "ORMModel\ORMModel.csproj", "{FFD2F70D-7B72-4CA5-AAC0-5EF8A18186B0}"
EndProject
Project("{9A19103F-16F7-4668-BE54-9A1E7A4F7556}") = "ORMCommon", "ORMCommon\ORMCommon.csproj", "{34B31D40-66AE-4DDB-8D69-49D9949376B0}"
EndProject
Project("{FAE04EC0-301F-11D3-BF4B-00C04F79EFBC}") = "ORMHomeWork_1", "ORMHomeWork_1\ORMHomeWork_1.csproj", "{B83F8F31-D447-45EF-BE2F-3DDAECB13217}"
EndProject
Global
	GlobalSection(SolutionConfigurationPlatforms) = preSolution
		Debug|Any CPU = Debug|Any CPU
		Release|Any CPU = Release|Any CPU
	EndGlobalSection
	GlobalSection(ProjectConfigurationPlatforms) = postSolution
		{FFD2F70D-7B72-4CA5-AAC0-5EF8A18186B0}.Debug|Any CPU.ActiveCfg = Debug|Any CPU
		{FFD2F70D-7B72-4CA5-AAC0-5EF8A18186B0}.Debug|Any CPU.Build.0 = Debug|Any CPU
		{FFD2F70D-7B72-4CA5-AAC0-5EF8A18186B0}.Release|Any CPU.ActiveCfg = Release|Any CPU
		{FFD2F70D-7B72-4CA5-AAC0-5EF8A18186B0}.Release|Any CPU.Build.0 = Release|Any CPU
		{34B31D40-66AE-4DDB-8D69-49D9949376B0}.Debug|Any CPU.ActiveCfg = Debug|Any CPU
		{34B31D40-66AE-4DDB-8D69-49D9949376B0}.Debug|Any CPU.Build.0 = Debug|Any CPU
		{34B31D40-66AE-4DDB-8D69-49D9949376B0}.Release|Any CPU.ActiveCfg = Release|Any CPU
		{34B31D40-66AE-4DDB-8D69-49D9949376B0}.Release|Any CPU.Build.0 = Release|Any CPU
		{B83F8F31-D447-45EF-BE2F-3DDAECB13217}.Debug|Any CPU.ActiveCfg = Debug|Any CPU
		{B83F8F31-D447-45EF-BE2F-3DDAECB13217}.Debug|Any CPU.Build.0 = Debug|Any CPU
		{B83F8F31-D447-45EF-BE2F-3DDAECB13217}.Release|Any CPU.ActiveCfg = Release|Any CPU
		{B83F8F31-D447-45EF-BE2F-3DDAECB13217}.Release|Any CPU.Build.0 = Release|Any CPU
	EndGlobalSection
	GlobalSection(SolutionProperties) = preSolution
		HideSolutionNode = FALSE
	EndGlobalSection
	GlobalSection(ExtensibilityGlobals) = postSolution
		SolutionGuid = {B1955E44-0591-4605-A154-4C0384E85A51}
	EndGlobalSection
EndGlobal
