
Microsoft Visual Studio Solution File, Format Version 12.00
# Visual Studio Version 16
VisualStudioVersion = 16.0.30309.148
MinimumVisualStudioVersion = 10.0.40219.1
Project("{FAE04EC0-301F-11D3-BF4B-00C04F79EFBC}") = "ORMAdvanced", "ORMAdvanced\ORMAdvanced.csproj", "{C972345D-18EF-4BD0-BC18-032DC0DF407F}"
EndProject
Project("{FAE04EC0-301F-11D3-BF4B-00C04F79EFBC}") = "ORMModel", "ORMModel\ORMModel.csproj", "{FFD2F70D-7B72-4CA5-AAC0-5EF8A18186B0}"
EndProject
Project("{FAE04EC0-301F-11D3-BF4B-00C04F79EFBC}") = "ORMCommon", "ORMCommon\ORMCommon.csproj", "{34B31D40-66AE-4DDB-8D69-49D9949376B0}"
EndProject
Global
	GlobalSection(SolutionConfigurationPlatforms) = preSolution
		Debug|Any CPU = Debug|Any CPU
		Release|Any CPU = Release|Any CPU
	EndGlobalSection
	GlobalSection(ProjectConfigurationPlatforms) = postSolution
		{C972345D-18EF-4BD0-BC18-032DC0DF407F}.Debug|Any CPU.ActiveCfg = Debug|Any CPU
		{C972345D-18EF-4BD0-BC18-032DC0DF407F}.Debug|Any CPU.Build.0 = Debug|Any CPU
		{C972345D-18EF-4BD0-BC18-032DC0DF407F}.Release|Any CPU.ActiveCfg = Release|Any CPU
		{C972345D-18EF-4BD0-BC18-032DC0DF407F}.Release|Any CPU.Build.0 = Release|Any CPU
		{FFD2F70D-7B72-4CA5-AAC0-5EF8A18186B0}.Debug|Any CPU.ActiveCfg = Debug|Any CPU
		{FFD2F70D-7B72-4CA5-AAC0-5EF8A18186B0}.Debug|Any CPU.Build.0 = Debug|Any CPU
		{FFD2F70D-7B72-4CA5-AAC0-5EF8A18186B0}.Release|Any CPU.ActiveCfg = Release|Any CPU
		{FFD2F70D-7B72-4CA5-AAC0-5EF8A18186B0}.Release|Any CPU.Build.0 = Release|Any CPU
		{34B31D40-66AE-4DDB-8D69-49D9949376B0}.Debug|Any CPU.ActiveCfg = Debug|Any CPU
		{34B31D40-66AE-4DDB-8D69-49D9949376B0}.Debug|Any CPU.Build.0 = Debug|Any CPU
		{34B31D40-66AE-4DDB-8D69-49D9949376B0}.Release|Any CPU.ActiveCfg = Release|Any CPU
		{34B31D40-66AE-4DDB-8D69-49D9949376B0}.Release|Any CPU.Build.0 = Release|Any CPU
	EndGlobalSection
	GlobalSection(SolutionProperties) = preSolution
		HideSolutionNode = FALSE
	EndGlobalSection
	GlobalSection(ExtensibilityGlobals) = postSolution
		SolutionGuid = {B1955E44-0591-4605-A154-4C0384E85A51}
	EndGlobalSection
EndGlobal
